PODS:
  - camera_avfoundation (0.0.1):
    - Flutter
  - Flutter (1.0.0)
  - flutter_naver_map (1.2.3):
    - Flutter
    - NMapsMap (= 3.18.1)
  - flutter_secure_storage (6.0.0):
    - Flutter
  - location (0.0.1):
    - Flutter
  - NMapsGeometry (1.0.2)
  - NMapsMap (3.18.1):
    - NMapsGeometry
  - path_provider_foundation (0.0.1):
    - Flutter
    - FlutterMacOS
  - TensorFlowLiteC (2.14.0):
    - TensorFlowLiteC/Core (= 2.14.0)
  - TensorFlowLiteC/Core (2.14.0)
  - TensorFlowLiteC/CoreML (2.14.0):
    - TensorFlowLiteC/Core
  - TensorFlowLiteSwift (2.14.0):
    - TensorFlowLiteSwift/Core (= 2.14.0)
  - TensorFlowLiteSwift/Core (2.14.0):
    - TensorFlowLiteC (= 2.14.0)
  - TensorFlowLiteSwift/CoreML (2.14.0):
    - TensorFlowLiteC/CoreML (= 2.14.0)
    - TensorFlowLiteSwift/Core (= 2.14.0)
  - tflite_flutter (0.1.0):
    - Flutter
    - TensorFlowLiteSwift

DEPENDENCIES:
  - camera_avfoundation (from `.symlinks/plugins/camera_avfoundation/ios`)
  - Flutter (from `Flutter`)
  - flutter_naver_map (from `.symlinks/plugins/flutter_naver_map/ios`)
  - flutter_secure_storage (from `.symlinks/plugins/flutter_secure_storage/ios`)
  - location (from `.symlinks/plugins/location/ios`)
  - path_provider_foundation (from `.symlinks/plugins/path_provider_foundation/darwin`)
  - TensorFlowLiteSwift/CoreML
  - tflite_flutter (from `.symlinks/plugins/tflite_flutter/ios`)

SPEC REPOS:
  trunk:
    - NMapsGeometry
    - NMapsMap
    - TensorFlowLiteC
    - TensorFlowLiteSwift

EXTERNAL SOURCES:
  camera_avfoundation:
    :path: ".symlinks/plugins/camera_avfoundation/ios"
  Flutter:
    :path: Flutter
  flutter_naver_map:
    :path: ".symlinks/plugins/flutter_naver_map/ios"
  flutter_secure_storage:
    :path: ".symlinks/plugins/flutter_secure_storage/ios"
  location:
    :path: ".symlinks/plugins/location/ios"
  path_provider_foundation:
    :path: ".symlinks/plugins/path_provider_foundation/darwin"
  tflite_flutter:
    :path: ".symlinks/plugins/tflite_flutter/ios"

SPEC CHECKSUMS:
  camera_avfoundation: dd002b0330f4981e1bbcb46ae9b62829237459a4
  Flutter: e0871f40cf51350855a761d2e70bf5af5b9b5de7
  flutter_naver_map: 9b36cee8e83421f40782af8a4e7afbdf63ee5f92
  flutter_secure_storage: d33dac7ae2ea08509be337e775f6b59f1ff45f12
  location: d5cf8598915965547c3f36761ae9cc4f4e87d22e
  NMapsGeometry: 4e02554fa9880ef02ed96b075dc84355d6352479
  NMapsMap: e879088eeee2d1e3b97f0a609076e1824dce2cad
  path_provider_foundation: 2b6b4c569c0fb62ec74538f866245ac84301af46
  TensorFlowLiteC: a836de9b6e6018665ccc349538bdd2c3b80dd7a5
  TensorFlowLiteSwift: f706b143b69d7bf433aba7b08049bdd11c321a10
  tflite_flutter: bf9c7d5c7ef011034c607d943d432623673c1c11

PODFILE CHECKSUM: 736b0b854e441e15c5f205d51c6a68ab26bb57f8

COCOAPODS: 1.15.2
